// !$*UTF8*$!
{
	archiveVersion = 1;
	classes = {
	};
	objectVersion = 46;
	objects = {

/* Begin PBXBuildFile section */
		0467EF081D52B9F200DED390 /* ListDoodleViewContorller.m in Sources */ = {isa = PBXBuildFile; fileRef = 0467EF071D52B9F200DED390 /* ListDoodleViewContorller.m */; };
		0467EF0B1D52C6A400DED390 /* ListDoodleViewCell.m in Sources */ = {isa = PBXBuildFile; fileRef = 0467EF0A1D52C6A400DED390 /* ListDoodleViewCell.m */; };
		0467EF0E1D52C6C700DED390 /* ListDoodleFlowLayout.m in Sources */ = {isa = PBXBuildFile; fileRef = 0467EF0D1D52C6C700DED390 /* ListDoodleFlowLayout.m */; };
		049ACA081CFD123F009EB31A /* NetworkingManager.m in Sources */ = {isa = PBXBuildFile; fileRef = 049ACA071CFD123F009EB31A /* NetworkingManager.m */; };
		04B7CCE01CDABD8700BFE3CE /* VaultShapeView.m in Sources */ = {isa = PBXBuildFile; fileRef = 04B7CCDE1CDABD8700BFE3CE /* VaultShapeView.m */; };
		04B7CCE31CDAC59C00BFE3CE /* VaultNavigationController.m in Sources */ = {isa = PBXBuildFile; fileRef = 04B7CCE21CDAC59C00BFE3CE /* VaultNavigationController.m */; };
		04B7CCE81CDAC90D00BFE3CE /* UIColorUtil.m in Sources */ = {isa = PBXBuildFile; fileRef = 04B7CCE71CDAC90D00BFE3CE /* UIColorUtil.m */; };
		04ED62B91CA6AAE5006712F1 /* main.m in Sources */ = {isa = PBXBuildFile; fileRef = 04ED62B81CA6AAE5006712F1 /* main.m */; };
		04ED62C21CA6AAE5006712F1 /* Main.storyboard in Resources */ = {isa = PBXBuildFile; fileRef = 04ED62C01CA6AAE5006712F1 /* Main.storyboard */; };
		04ED62C51CA6AAE5006712F1 /* RACBabyDoodle.xcdatamodeld in Sources */ = {isa = PBXBuildFile; fileRef = 04ED62C31CA6AAE5006712F1 /* RACBabyDoodle.xcdatamodeld */; };
		04ED62C71CA6AAE5006712F1 /* Assets.xcassets in Resources */ = {isa = PBXBuildFile; fileRef = 04ED62C61CA6AAE5006712F1 /* Assets.xcassets */; };
		04ED62CA1CA6AAE5006712F1 /* LaunchScreen.storyboard in Resources */ = {isa = PBXBuildFile; fileRef = 04ED62C81CA6AAE5006712F1 /* LaunchScreen.storyboard */; };
		C22E8BA61D52EE3F0065139B /* BaseUIViewController.m in Sources */ = {isa = PBXBuildFile; fileRef = C22E8BA51D52EE3F0065139B /* BaseUIViewController.m */; };
		C2317A091CC36AB200562C2C /* SRGViewController.m in Sources */ = {isa = PBXBuildFile; fileRef = C2317A081CC36AB200562C2C /* SRGViewController.m */; };
		C2317A0D1CC36E8800562C2C /* SRGTableViewCell.m in Sources */ = {isa = PBXBuildFile; fileRef = C2317A0C1CC36E8800562C2C /* SRGTableViewCell.m */; };
		C26D812B1CBF26BA00B4E053 /* AppDelegate.m in Sources */ = {isa = PBXBuildFile; fileRef = C26D81261CBF26BA00B4E053 /* AppDelegate.m */; };
		C26D81301CBF272200B4E053 /* ViewController.m in Sources */ = {isa = PBXBuildFile; fileRef = C26D812F1CBF272200B4E053 /* ViewController.m */; };
		C2D37CEB1CC0788900C60D5C /* SRGViewModel.m in Sources */ = {isa = PBXBuildFile; fileRef = C2D37CEA1CC0788900C60D5C /* SRGViewModel.m */; };
		C2D37CEE1CC078C700C60D5C /* SRGCellViewModel.m in Sources */ = {isa = PBXBuildFile; fileRef = C2D37CED1CC078C700C60D5C /* SRGCellViewModel.m */; };
		FECF661AFC4917C1899C4911 /* Pods_RACBabyDoodle.framework in Frameworks */ = {isa = PBXBuildFile; fileRef = FEA03EFFD5868452D8A3A925 /* Pods_RACBabyDoodle.framework */; };
/* End PBXBuildFile section */

/* Begin PBXFileReference section */
		0467EF061D52B9F200DED390 /* ListDoodleViewContorller.h */ = {isa = PBXFileReference; fileEncoding = 4; lastKnownFileType = sourcecode.c.h; path = ListDoodleViewContorller.h; sourceTree = "<group>"; };
		0467EF071D52B9F200DED390 /* ListDoodleViewContorller.m */ = {isa = PBXFileReference; fileEncoding = 4; lastKnownFileType = sourcecode.c.objc; path = ListDoodleViewContorller.m; sourceTree = "<group>"; };
		0467EF091D52C6A400DED390 /* ListDoodleViewCell.h */ = {isa = PBXFileReference; fileEncoding = 4; lastKnownFileType = sourcecode.c.h; path = ListDoodleViewCell.h; sourceTree = "<group>"; };
		0467EF0A1D52C6A400DED390 /* ListDoodleViewCell.m */ = {isa = PBXFileReference; fileEncoding = 4; lastKnownFileType = sourcecode.c.objc; path = ListDoodleViewCell.m; sourceTree = "<group>"; };
		0467EF0C1D52C6C700DED390 /* ListDoodleFlowLayout.h */ = {isa = PBXFileReference; fileEncoding = 4; lastKnownFileType = sourcecode.c.h; path = ListDoodleFlowLayout.h; sourceTree = "<group>"; };
		0467EF0D1D52C6C700DED390 /* ListDoodleFlowLayout.m */ = {isa = PBXFileReference; fileEncoding = 4; lastKnownFileType = sourcecode.c.objc; path = ListDoodleFlowLayout.m; sourceTree = "<group>"; };
		049ACA061CFD123F009EB31A /* NetworkingManager.h */ = {isa = PBXFileReference; fileEncoding = 4; lastKnownFileType = sourcecode.c.h; name = NetworkingManager.h; path = RACBabyDoodle/Http/NetworkingManager.h; sourceTree = SOURCE_ROOT; };
		049ACA071CFD123F009EB31A /* NetworkingManager.m */ = {isa = PBXFileReference; fileEncoding = 4; lastKnownFileType = sourcecode.c.objc; name = NetworkingManager.m; path = RACBabyDoodle/Http/NetworkingManager.m; sourceTree = SOURCE_ROOT; };
		04B7CCDE1CDABD8700BFE3CE /* VaultShapeView.m */ = {isa = PBXFileReference; fileEncoding = 4; lastKnownFileType = sourcecode.c.objc; path = VaultShapeView.m; sourceTree = "<group>"; };
		04B7CCDF1CDABD8700BFE3CE /* VaultShapeView.h */ = {isa = PBXFileReference; fileEncoding = 4; lastKnownFileType = sourcecode.c.h; path = VaultShapeView.h; sourceTree = "<group>"; };
		04B7CCE11CDAC59C00BFE3CE /* VaultNavigationController.h */ = {isa = PBXFileReference; fileEncoding = 4; lastKnownFileType = sourcecode.c.h; path = VaultNavigationController.h; sourceTree = "<group>"; };
		04B7CCE21CDAC59C00BFE3CE /* VaultNavigationController.m */ = {isa = PBXFileReference; fileEncoding = 4; lastKnownFileType = sourcecode.c.objc; path = VaultNavigationController.m; sourceTree = "<group>"; };
		04B7CCE41CDAC63600BFE3CE /* AppDef.h */ = {isa = PBXFileReference; lastKnownFileType = sourcecode.c.h; name = AppDef.h; path = RACBabyDoodle/General/AppDef.h; sourceTree = SOURCE_ROOT; };
		04B7CCE61CDAC90D00BFE3CE /* UIColorUtil.h */ = {isa = PBXFileReference; fileEncoding = 4; lastKnownFileType = sourcecode.c.h; path = UIColorUtil.h; sourceTree = "<group>"; };
		04B7CCE71CDAC90D00BFE3CE /* UIColorUtil.m */ = {isa = PBXFileReference; fileEncoding = 4; lastKnownFileType = sourcecode.c.objc; path = UIColorUtil.m; sourceTree = "<group>"; };
		04ED62B41CA6AAE5006712F1 /* RACBabyDoodle.app */ = {isa = PBXFileReference; explicitFileType = wrapper.application; includeInIndex = 0; path = RACBabyDoodle.app; sourceTree = BUILT_PRODUCTS_DIR; };
		04ED62B81CA6AAE5006712F1 /* main.m */ = {isa = PBXFileReference; lastKnownFileType = sourcecode.c.objc; path = main.m; sourceTree = "<group>"; };
		04ED62C11CA6AAE5006712F1 /* Base */ = {isa = PBXFileReference; lastKnownFileType = file.storyboard; name = Base; path = Base.lproj/Main.storyboard; sourceTree = "<group>"; };
		04ED62C41CA6AAE5006712F1 /* RACBabyDoodle.xcdatamodel */ = {isa = PBXFileReference; lastKnownFileType = wrapper.xcdatamodel; path = RACBabyDoodle.xcdatamodel; sourceTree = "<group>"; };
		04ED62C61CA6AAE5006712F1 /* Assets.xcassets */ = {isa = PBXFileReference; lastKnownFileType = folder.assetcatalog; path = Assets.xcassets; sourceTree = "<group>"; };
		04ED62C91CA6AAE5006712F1 /* Base */ = {isa = PBXFileReference; lastKnownFileType = file.storyboard; name = Base; path = Base.lproj/LaunchScreen.storyboard; sourceTree = "<group>"; };
		04ED62CB1CA6AAE5006712F1 /* Info.plist */ = {isa = PBXFileReference; lastKnownFileType = text.plist.xml; path = Info.plist; sourceTree = "<group>"; };
		41E4B0B2325072798B6A7F00 /* Pods-RACBabyDoodle.debug.xcconfig */ = {isa = PBXFileReference; includeInIndex = 1; lastKnownFileType = text.xcconfig; name = "Pods-RACBabyDoodle.debug.xcconfig"; path = "Pods/Target Support Files/Pods-RACBabyDoodle/Pods-RACBabyDoodle.debug.xcconfig"; sourceTree = "<group>"; };
		C1887B21F4C2E92FF0360EE6 /* Pods-RACBabyDoodle.release.xcconfig */ = {isa = PBXFileReference; includeInIndex = 1; lastKnownFileType = text.xcconfig; name = "Pods-RACBabyDoodle.release.xcconfig"; path = "Pods/Target Support Files/Pods-RACBabyDoodle/Pods-RACBabyDoodle.release.xcconfig"; sourceTree = "<group>"; };
		C22E8BA41D52EE3F0065139B /* BaseUIViewController.h */ = {isa = PBXFileReference; fileEncoding = 4; lastKnownFileType = sourcecode.c.h; name = BaseUIViewController.h; path = Common/BaseUIViewController.h; sourceTree = "<group>"; };
		C22E8BA51D52EE3F0065139B /* BaseUIViewController.m */ = {isa = PBXFileReference; fileEncoding = 4; lastKnownFileType = sourcecode.c.objc; name = BaseUIViewController.m; path = Common/BaseUIViewController.m; sourceTree = "<group>"; };
		C2317A071CC36AB200562C2C /* SRGViewController.h */ = {isa = PBXFileReference; fileEncoding = 4; lastKnownFileType = sourcecode.c.h; path = SRGViewController.h; sourceTree = "<group>"; };
		C2317A081CC36AB200562C2C /* SRGViewController.m */ = {isa = PBXFileReference; fileEncoding = 4; lastKnownFileType = sourcecode.c.objc; path = SRGViewController.m; sourceTree = "<group>"; };
		C2317A0A1CC36B4100562C2C /* RACBabyDoodle-Prefix.pch */ = {isa = PBXFileReference; lastKnownFileType = sourcecode.c.h; path = "RACBabyDoodle-Prefix.pch"; sourceTree = "<group>"; };
		C2317A0B1CC36E8800562C2C /* SRGTableViewCell.h */ = {isa = PBXFileReference; fileEncoding = 4; lastKnownFileType = sourcecode.c.h; path = SRGTableViewCell.h; sourceTree = "<group>"; };
		C2317A0C1CC36E8800562C2C /* SRGTableViewCell.m */ = {isa = PBXFileReference; fileEncoding = 4; lastKnownFileType = sourcecode.c.objc; path = SRGTableViewCell.m; sourceTree = "<group>"; };
		C26D81251CBF26BA00B4E053 /* AppDelegate.h */ = {isa = PBXFileReference; fileEncoding = 4; lastKnownFileType = sourcecode.c.h; path = AppDelegate.h; sourceTree = "<group>"; };
		C26D81261CBF26BA00B4E053 /* AppDelegate.m */ = {isa = PBXFileReference; fileEncoding = 4; lastKnownFileType = sourcecode.c.objc; path = AppDelegate.m; sourceTree = "<group>"; };
		C26D812E1CBF272200B4E053 /* ViewController.h */ = {isa = PBXFileReference; fileEncoding = 4; lastKnownFileType = sourcecode.c.h; path = ViewController.h; sourceTree = "<group>"; };
		C26D812F1CBF272200B4E053 /* ViewController.m */ = {isa = PBXFileReference; fileEncoding = 4; lastKnownFileType = sourcecode.c.objc; path = ViewController.m; sourceTree = "<group>"; };
		C2D37CE91CC0788900C60D5C /* SRGViewModel.h */ = {isa = PBXFileReference; fileEncoding = 4; lastKnownFileType = sourcecode.c.h; path = SRGViewModel.h; sourceTree = "<group>"; };
		C2D37CEA1CC0788900C60D5C /* SRGViewModel.m */ = {isa = PBXFileReference; fileEncoding = 4; lastKnownFileType = sourcecode.c.objc; path = SRGViewModel.m; sourceTree = "<group>"; };
		C2D37CEC1CC078C700C60D5C /* SRGCellViewModel.h */ = {isa = PBXFileReference; fileEncoding = 4; lastKnownFileType = sourcecode.c.h; path = SRGCellViewModel.h; sourceTree = "<group>"; };
		C2D37CED1CC078C700C60D5C /* SRGCellViewModel.m */ = {isa = PBXFileReference; fileEncoding = 4; lastKnownFileType = sourcecode.c.objc; path = SRGCellViewModel.m; sourceTree = "<group>"; };
		FEA03EFFD5868452D8A3A925 /* Pods_RACBabyDoodle.framework */ = {isa = PBXFileReference; explicitFileType = wrapper.framework; includeInIndex = 0; path = Pods_RACBabyDoodle.framework; sourceTree = BUILT_PRODUCTS_DIR; };
/* End PBXFileReference section */

/* Begin PBXFrameworksBuildPhase section */
		04ED62B11CA6AAE5006712F1 /* Frameworks */ = {
			isa = PBXFrameworksBuildPhase;
			buildActionMask = 2147483647;
			files = (
				FECF661AFC4917C1899C4911 /* Pods_RACBabyDoodle.framework in Frameworks */,
			);
			runOnlyForDeploymentPostprocessing = 0;
		};
/* End PBXFrameworksBuildPhase section */

/* Begin PBXGroup section */
		04B7CCDA1CDABB9F00BFE3CE /* VaultNavigationBar */ = {
			isa = PBXGroup;
			children = (
				04B7CCDF1CDABD8700BFE3CE /* VaultShapeView.h */,
				04B7CCDE1CDABD8700BFE3CE /* VaultShapeView.m */,
				04B7CCE11CDAC59C00BFE3CE /* VaultNavigationController.h */,
				04B7CCE21CDAC59C00BFE3CE /* VaultNavigationController.m */,
			);
			path = VaultNavigationBar;
			sourceTree = "<group>";
		};
		04B7CCDB1CDABBF500BFE3CE /* ListDoodle */ = {
			isa = PBXGroup;
			children = (
				0467EF061D52B9F200DED390 /* ListDoodleViewContorller.h */,
				0467EF071D52B9F200DED390 /* ListDoodleViewContorller.m */,
				0467EF091D52C6A400DED390 /* ListDoodleViewCell.h */,
				0467EF0A1D52C6A400DED390 /* ListDoodleViewCell.m */,
				0467EF0C1D52C6C700DED390 /* ListDoodleFlowLayout.h */,
				0467EF0D1D52C6C700DED390 /* ListDoodleFlowLayout.m */,
			);
			path = ListDoodle;
			sourceTree = "<group>";
		};
		04B7CCDC1CDABC0500BFE3CE /* PlayDoodle */ = {
			isa = PBXGroup;
			children = (
			);
			path = PlayDoodle;
			sourceTree = "<group>";
		};
		04B7CCDD1CDABC1100BFE3CE /* ShareDoodle */ = {
			isa = PBXGroup;
			children = (
			);
			path = ShareDoodle;
			sourceTree = "<group>";
		};
		04B7CCE51CDAC8F000BFE3CE /* ColorUtil */ = {
			isa = PBXGroup;
			children = (
				04B7CCE61CDAC90D00BFE3CE /* UIColorUtil.h */,
				04B7CCE71CDAC90D00BFE3CE /* UIColorUtil.m */,
			);
			name = ColorUtil;
			sourceTree = "<group>";
		};
		04ED62AB1CA6AAE5006712F1 = {
			isa = PBXGroup;
			children = (
				04ED62B61CA6AAE5006712F1 /* RACBabyDoodle */,
				A83DF8A3D1127473F2147E3A /* Frameworks */,
				EC0765EE823FD11CC1F8740F /* Pods */,
				04ED62B51CA6AAE5006712F1 /* Products */,
			);
			sourceTree = "<group>";
		};
		04ED62B51CA6AAE5006712F1 /* Products */ = {
			isa = PBXGroup;
			children = (
				04ED62B41CA6AAE5006712F1 /* RACBabyDoodle.app */,
			);
			name = Products;
			sourceTree = "<group>";
		};
		04ED62B61CA6AAE5006712F1 /* RACBabyDoodle */ = {
			isa = PBXGroup;
			children = (
				C2D37CE21CC0780300C60D5C /* DB */,
				C2D37CE51CC0780300C60D5C /* Entity */,
				C26D81231CBF26BA00B4E053 /* General */,
				C2D37CDC1CC0780300C60D5C /* Http */,
				C2D37CE31CC0780300C60D5C /* Lib */,
				C26D812C1CBF272200B4E053 /* Module */,
				C2D37CE41CC0780300C60D5C /* Service */,
				04ED62B71CA6AAE5006712F1 /* Supporting Files */,
				C2D37CD81CC0780300C60D5C /* Util */,
				04ED62C61CA6AAE5006712F1 /* Assets.xcassets */,
				04ED62CB1CA6AAE5006712F1 /* Info.plist */,
				04ED62C81CA6AAE5006712F1 /* LaunchScreen.storyboard */,
				04ED62C01CA6AAE5006712F1 /* Main.storyboard */,
				04ED62C31CA6AAE5006712F1 /* RACBabyDoodle.xcdatamodeld */,
			);
			path = RACBabyDoodle;
			sourceTree = "<group>";
		};
		04ED62B71CA6AAE5006712F1 /* Supporting Files */ = {
			isa = PBXGroup;
			children = (
				C2317A0A1CC36B4100562C2C /* RACBabyDoodle-Prefix.pch */,
				04ED62B81CA6AAE5006712F1 /* main.m */,
			);
			path = "Supporting Files";
			sourceTree = "<group>";
		};
		A83DF8A3D1127473F2147E3A /* Frameworks */ = {
			isa = PBXGroup;
			children = (
				FEA03EFFD5868452D8A3A925 /* Pods_RACBabyDoodle.framework */,
			);
			name = Frameworks;
			sourceTree = "<group>";
		};
		C22E8BA31D52EE110065139B /* Common */ = {
			isa = PBXGroup;
			children = (
				C22E8BA41D52EE3F0065139B /* BaseUIViewController.h */,
				C22E8BA51D52EE3F0065139B /* BaseUIViewController.m */,
			);
			name = Common;
			sourceTree = "<group>";
		};
		C26D81231CBF26BA00B4E053 /* General */ = {
			isa = PBXGroup;
			children = (
				C26D81241CBF26BA00B4E053 /* AppDelegate */,
				C26D81271CBF26BA00B4E053 /* Application */,
				C26D81281CBF26BA00B4E053 /* Category */,
				C26D81291CBF26BA00B4E053 /* Constant */,
				C26D812A1CBF26BA00B4E053 /* UI */,
			);
			path = General;
			sourceTree = "<group>";
		};
		C26D81241CBF26BA00B4E053 /* AppDelegate */ = {
			isa = PBXGroup;
			children = (
				C26D81251CBF26BA00B4E053 /* AppDelegate.h */,
				C26D81261CBF26BA00B4E053 /* AppDelegate.m */,
			);
			path = AppDelegate;
			sourceTree = "<group>";
		};
		C26D81271CBF26BA00B4E053 /* Application */ = {
			isa = PBXGroup;
			children = (
			);
			path = Application;
			sourceTree = "<group>";
		};
		C26D81281CBF26BA00B4E053 /* Category */ = {
			isa = PBXGroup;
			children = (
			);
			path = Category;
			sourceTree = "<group>";
		};
		C26D81291CBF26BA00B4E053 /* Constant */ = {
			isa = PBXGroup;
			children = (
				04B7CCE41CDAC63600BFE3CE /* AppDef.h */,
			);
			path = Constant;
			sourceTree = "<group>";
		};
		C26D812A1CBF26BA00B4E053 /* UI */ = {
			isa = PBXGroup;
			children = (
				04B7CCDA1CDABB9F00BFE3CE /* VaultNavigationBar */,
			);
			path = UI;
			sourceTree = "<group>";
		};
		C26D812C1CBF272200B4E053 /* Module */ = {
			isa = PBXGroup;
			children = (
				C22E8BA31D52EE110065139B /* Common */,
				C2D37CE61CC0781600C60D5C /* Github */,
				04B7CCDB1CDABBF500BFE3CE /* ListDoodle */,
				04B7CCDC1CDABC0500BFE3CE /* PlayDoodle */,
				04B7CCDD1CDABC1100BFE3CE /* ShareDoodle */,
				C26D812D1CBF272200B4E053 /* Try */,
			);
			path = Module;
			sourceTree = "<group>";
		};
		C26D812D1CBF272200B4E053 /* Try */ = {
			isa = PBXGroup;
			children = (
				C26D812E1CBF272200B4E053 /* ViewController.h */,
				C26D812F1CBF272200B4E053 /* ViewController.m */,
			);
			path = Try;
			sourceTree = "<group>";
		};
		C2D37CD81CC0780300C60D5C /* Util */ = {
			isa = PBXGroup;
			children = (
				04B7CCE51CDAC8F000BFE3CE /* ColorUtil */,
				C2D37CD91CC0780300C60D5C /* NumberUtil */,
				C2D37CDA1CC0780300C60D5C /* StringUtil */,
				C2D37CDB1CC0780300C60D5C /* TimeUtil */,
			);
			path = Util;
			sourceTree = "<group>";
		};
		C2D37CD91CC0780300C60D5C /* NumberUtil */ = {
			isa = PBXGroup;
			children = (
			);
			path = NumberUtil;
			sourceTree = "<group>";
		};
		C2D37CDA1CC0780300C60D5C /* StringUtil */ = {
			isa = PBXGroup;
			children = (
			);
			path = StringUtil;
			sourceTree = "<group>";
		};
		C2D37CDB1CC0780300C60D5C /* TimeUtil */ = {
			isa = PBXGroup;
			children = (
			);
			path = TimeUtil;
			sourceTree = "<group>";
		};
		C2D37CDC1CC0780300C60D5C /* Http */ = {
			isa = PBXGroup;
			children = (
				C2D37CDD1CC0780300C60D5C /* Api */,
				C2D37CDE1CC0780300C60D5C /* CodeHandler */,
				C2D37CDF1CC0780300C60D5C /* ErrorHandler */,
				C2D37CE01CC0780300C60D5C /* HttpHandler */,
				C2D37CE11CC0780300C60D5C /* Manager */,
			);
			path = Http;
			sourceTree = "<group>";
		};
		C2D37CDD1CC0780300C60D5C /* Api */ = {
			isa = PBXGroup;
			children = (
			);
			path = Api;
			sourceTree = "<group>";
		};
		C2D37CDE1CC0780300C60D5C /* CodeHandler */ = {
			isa = PBXGroup;
			children = (
			);
			path = CodeHandler;
			sourceTree = "<group>";
		};
		C2D37CDF1CC0780300C60D5C /* ErrorHandler */ = {
			isa = PBXGroup;
			children = (
			);
			path = ErrorHandler;
			sourceTree = "<group>";
		};
		C2D37CE01CC0780300C60D5C /* HttpHandler */ = {
			isa = PBXGroup;
			children = (
			);
			path = HttpHandler;
			sourceTree = "<group>";
		};
		C2D37CE11CC0780300C60D5C /* Manager */ = {
			isa = PBXGroup;
			children = (
				049ACA061CFD123F009EB31A /* NetworkingManager.h */,
				049ACA071CFD123F009EB31A /* NetworkingManager.m */,
			);
			path = Manager;
			sourceTree = "<group>";
		};
		C2D37CE21CC0780300C60D5C /* DB */ = {
			isa = PBXGroup;
			children = (
			);
			path = DB;
			sourceTree = "<group>";
		};
		C2D37CE31CC0780300C60D5C /* Lib */ = {
			isa = PBXGroup;
			children = (
			);
			path = Lib;
			sourceTree = "<group>";
		};
		C2D37CE41CC0780300C60D5C /* Service */ = {
			isa = PBXGroup;
			children = (
			);
			path = Service;
			sourceTree = "<group>";
		};
		C2D37CE51CC0780300C60D5C /* Entity */ = {
			isa = PBXGroup;
			children = (
				C2D37CE71CC0782500C60D5C /* Github */,
			);
			path = Entity;
			sourceTree = "<group>";
		};
		C2D37CE61CC0781600C60D5C /* Github */ = {
			isa = PBXGroup;
			children = (
			);
			path = Github;
			sourceTree = "<group>";
		};
		C2D37CE71CC0782500C60D5C /* Github */ = {
			isa = PBXGroup;
			children = (
				C2D37CEC1CC078C700C60D5C /* SRGCellViewModel.h */,
				C2D37CED1CC078C700C60D5C /* SRGCellViewModel.m */,
				C2317A0B1CC36E8800562C2C /* SRGTableViewCell.h */,
				C2317A0C1CC36E8800562C2C /* SRGTableViewCell.m */,
				C2317A071CC36AB200562C2C /* SRGViewController.h */,
				C2317A081CC36AB200562C2C /* SRGViewController.m */,
				C2D37CE91CC0788900C60D5C /* SRGViewModel.h */,
				C2D37CEA1CC0788900C60D5C /* SRGViewModel.m */,
			);
			path = Github;
			sourceTree = "<group>";
		};
		EC0765EE823FD11CC1F8740F /* Pods */ = {
			isa = PBXGroup;
			children = (
				41E4B0B2325072798B6A7F00 /* Pods-RACBabyDoodle.debug.xcconfig */,
				C1887B21F4C2E92FF0360EE6 /* Pods-RACBabyDoodle.release.xcconfig */,
			);
			name = Pods;
			sourceTree = "<group>";
		};
/* End PBXGroup section */

/* Begin PBXNativeTarget section */
		04ED62B31CA6AAE5006712F1 /* RACBabyDoodle */ = {
			isa = PBXNativeTarget;
			buildConfigurationList = 04ED62CE1CA6AAE5006712F1 /* Build configuration list for PBXNativeTarget "RACBabyDoodle" */;
			buildPhases = (
				E65B4CEC415582DA19F40D5B /* [CP] Check Pods Manifest.lock */,
				04ED62B01CA6AAE5006712F1 /* Sources */,
				04ED62B11CA6AAE5006712F1 /* Frameworks */,
				04ED62B21CA6AAE5006712F1 /* Resources */,
				628A25640EC9657670A8B102 /* [CP] Embed Pods Frameworks */,
				72BB5D348E9EB29259D4C81F /* [CP] Copy Pods Resources */,
			);
			buildRules = (
			);
			dependencies = (
			);
			name = RACBabyDoodle;
			productName = RACBabyDoodle;
			productReference = 04ED62B41CA6AAE5006712F1 /* RACBabyDoodle.app */;
			productType = "com.apple.product-type.application";
		};
/* End PBXNativeTarget section */

/* Begin PBXProject section */
		04ED62AC1CA6AAE5006712F1 /* Project object */ = {
			isa = PBXProject;
			attributes = {
				LastUpgradeCheck = 0730;
				ORGANIZATIONNAME = thinktube;
				TargetAttributes = {
					04ED62B31CA6AAE5006712F1 = {
						CreatedOnToolsVersion = 7.3;
					};
				};
			};
			buildConfigurationList = 04ED62AF1CA6AAE5006712F1 /* Build configuration list for PBXProject "RACBabyDoodle" */;
			compatibilityVersion = "Xcode 3.2";
			developmentRegion = English;
			hasScannedForEncodings = 0;
			knownRegions = (
				en,
				Base,
			);
			mainGroup = 04ED62AB1CA6AAE5006712F1;
			productRefGroup = 04ED62B51CA6AAE5006712F1 /* Products */;
			projectDirPath = "";
			projectRoot = "";
			targets = (
				04ED62B31CA6AAE5006712F1 /* RACBabyDoodle */,
			);
		};
/* End PBXProject section */

/* Begin PBXResourcesBuildPhase section */
		04ED62B21CA6AAE5006712F1 /* Resources */ = {
			isa = PBXResourcesBuildPhase;
			buildActionMask = 2147483647;
			files = (
				04ED62CA1CA6AAE5006712F1 /* LaunchScreen.storyboard in Resources */,
				04ED62C71CA6AAE5006712F1 /* Assets.xcassets in Resources */,
				04ED62C21CA6AAE5006712F1 /* Main.storyboard in Resources */,
			);
			runOnlyForDeploymentPostprocessing = 0;
		};
/* End PBXResourcesBuildPhase section */

/* Begin PBXShellScriptBuildPhase section */
		628A25640EC9657670A8B102 /* [CP] Embed Pods Frameworks */ = {
			isa = PBXShellScriptBuildPhase;
			buildActionMask = 2147483647;
			files = (
			);
			inputPaths = (
			);
			name = "[CP] Embed Pods Frameworks";
			outputPaths = (
			);
			runOnlyForDeploymentPostprocessing = 0;
			shellPath = /bin/sh;
			shellScript = "\"${SRCROOT}/Pods/Target Support Files/Pods-RACBabyDoodle/Pods-RACBabyDoodle-frameworks.sh\"\n";
			showEnvVarsInLog = 0;
		};
		72BB5D348E9EB29259D4C81F /* [CP] Copy Pods Resources */ = {
			isa = PBXShellScriptBuildPhase;
			buildActionMask = 2147483647;
			files = (
			);
			inputPaths = (
			);
			name = "[CP] Copy Pods Resources";
			outputPaths = (
			);
			runOnlyForDeploymentPostprocessing = 0;
			shellPath = /bin/sh;
			shellScript = "\"${SRCROOT}/Pods/Target Support Files/Pods-RACBabyDoodle/Pods-RACBabyDoodle-resources.sh\"\n";
			showEnvVarsInLog = 0;
		};
		E65B4CEC415582DA19F40D5B /* [CP] Check Pods Manifest.lock */ = {
			isa = PBXShellScriptBuildPhase;
			buildActionMask = 2147483647;
			files = (
			);
			inputPaths = (
			);
			name = "[CP] Check Pods Manifest.lock";
			outputPaths = (
			);
			runOnlyForDeploymentPostprocessing = 0;
			shellPath = /bin/sh;
			shellScript = "diff \"${PODS_ROOT}/../Podfile.lock\" \"${PODS_ROOT}/Manifest.lock\" > /dev/null\nif [[ $? != 0 ]] ; then\n    cat << EOM\nerror: The sandbox is not in sync with the Podfile.lock. Run 'pod install' or update your CocoaPods installation.\nEOM\n    exit 1\nfi\n";
			showEnvVarsInLog = 0;
		};
/* End PBXShellScriptBuildPhase section */

/* Begin PBXSourcesBuildPhase section */
		04ED62B01CA6AAE5006712F1 /* Sources */ = {
			isa = PBXSourcesBuildPhase;
			buildActionMask = 2147483647;
			files = (
				C26D812B1CBF26BA00B4E053 /* AppDelegate.m in Sources */,
				04ED62C51CA6AAE5006712F1 /* RACBabyDoodle.xcdatamodeld in Sources */,
				04B7CCE31CDAC59C00BFE3CE /* VaultNavigationController.m in Sources */,
				C2317A091CC36AB200562C2C /* SRGViewController.m in Sources */,
				C2D37CEB1CC0788900C60D5C /* SRGViewModel.m in Sources */,
				0467EF081D52B9F200DED390 /* ListDoodleViewContorller.m in Sources */,
				049ACA081CFD123F009EB31A /* NetworkingManager.m in Sources */,
				C2317A0D1CC36E8800562C2C /* SRGTableViewCell.m in Sources */,
				C2D37CEE1CC078C700C60D5C /* SRGCellViewModel.m in Sources */,
				C22E8BA61D52EE3F0065139B /* BaseUIViewController.m in Sources */,
				04B7CCE81CDAC90D00BFE3CE /* UIColorUtil.m in Sources */,
				0467EF0E1D52C6C700DED390 /* ListDoodleFlowLayout.m in Sources */,
				04B7CCE01CDABD8700BFE3CE /* VaultShapeView.m in Sources */,
				0467EF0B1D52C6A400DED390 /* ListDoodleViewCell.m in Sources */,
				C26D81301CBF272200B4E053 /* ViewController.m in Sources */,
				04ED62B91CA6AAE5006712F1 /* main.m in Sources */,
			);
			runOnlyForDeploymentPostprocessing = 0;
		};
/* End PBXSourcesBuildPhase section */

/* Begin PBXVariantGroup section */
		04ED62C01CA6AAE5006712F1 /* Main.storyboard */ = {
			isa = PBXVariantGroup;
			children = (
				04ED62C11CA6AAE5006712F1 /* Base */,
			);
			name = Main.storyboard;
			path = .;
			sourceTree = "<group>";
		};
		04ED62C81CA6AAE5006712F1 /* LaunchScreen.storyboard */ = {
			isa = PBXVariantGroup;
			children = (
				04ED62C91CA6AAE5006712F1 /* Base */,
			);
			name = LaunchScreen.storyboard;
			path = .;
			sourceTree = "<group>";
		};
/* End PBXVariantGroup section */

/* Begin XCBuildConfiguration section */
		04ED62CC1CA6AAE5006712F1 /* Debug */ = {
			isa = XCBuildConfiguration;
			buildSettings = {
				ALWAYS_SEARCH_USER_PATHS = NO;
				CLANG_ANALYZER_NONNULL = YES;
				CLANG_CXX_LANGUAGE_STANDARD = "gnu++0x";
				CLANG_CXX_LIBRARY = "libc++";
				CLANG_ENABLE_MODULES = YES;
				CLANG_ENABLE_OBJC_ARC = YES;
				CLANG_WARN_BOOL_CONVERSION = YES;
				CLANG_WARN_CONSTANT_CONVERSION = YES;
				CLANG_WARN_DIRECT_OBJC_ISA_USAGE = YES_ERROR;
				CLANG_WARN_EMPTY_BODY = YES;
				CLANG_WARN_ENUM_CONVERSION = YES;
				CLANG_WARN_INT_CONVERSION = YES;
				CLANG_WARN_OBJC_ROOT_CLASS = YES_ERROR;
				CLANG_WARN_UNREACHABLE_CODE = YES;
				CLANG_WARN__DUPLICATE_METHOD_MATCH = YES;
				"CODE_SIGN_IDENTITY[sdk=iphoneos*]" = "iPhone Developer";
				COPY_PHASE_STRIP = NO;
				DEBUG_INFORMATION_FORMAT = dwarf;
				ENABLE_STRICT_OBJC_MSGSEND = YES;
				ENABLE_TESTABILITY = YES;
				GCC_C_LANGUAGE_STANDARD = gnu99;
				GCC_DYNAMIC_NO_PIC = NO;
				GCC_NO_COMMON_BLOCKS = YES;
				GCC_OPTIMIZATION_LEVEL = 0;
				GCC_PREPROCESSOR_DEFINITIONS = (
					"DEBUG=1",
					"$(inherited)",
				);
				GCC_WARN_64_TO_32_BIT_CONVERSION = YES;
				GCC_WARN_ABOUT_RETURN_TYPE = YES_ERROR;
				GCC_WARN_UNDECLARED_SELECTOR = YES;
				GCC_WARN_UNINITIALIZED_AUTOS = YES_AGGRESSIVE;
				GCC_WARN_UNUSED_FUNCTION = YES;
				GCC_WARN_UNUSED_VARIABLE = YES;
				IPHONEOS_DEPLOYMENT_TARGET = 9.3;
				MTL_ENABLE_DEBUG_INFO = YES;
				ONLY_ACTIVE_ARCH = YES;
				SDKROOT = iphoneos;
			};
			name = Debug;
		};
		04ED62CD1CA6AAE5006712F1 /* Release */ = {
			isa = XCBuildConfiguration;
			buildSettings = {
				ALWAYS_SEARCH_USER_PATHS = NO;
				CLANG_ANALYZER_NONNULL = YES;
				CLANG_CXX_LANGUAGE_STANDARD = "gnu++0x";
				CLANG_CXX_LIBRARY = "libc++";
				CLANG_ENABLE_MODULES = YES;
				CLANG_ENABLE_OBJC_ARC = YES;
				CLANG_WARN_BOOL_CONVERSION = YES;
				CLANG_WARN_CONSTANT_CONVERSION = YES;
				CLANG_WARN_DIRECT_OBJC_ISA_USAGE = YES_ERROR;
				CLANG_WARN_EMPTY_BODY = YES;
				CLANG_WARN_ENUM_CONVERSION = YES;
				CLANG_WARN_INT_CONVERSION = YES;
				CLANG_WARN_OBJC_ROOT_CLASS = YES_ERROR;
				CLANG_WARN_UNREACHABLE_CODE = YES;
				CLANG_WARN__DUPLICATE_METHOD_MATCH = YES;
				"CODE_SIGN_IDENTITY[sdk=iphoneos*]" = "iPhone Developer";
				COPY_PHASE_STRIP = NO;
				DEBUG_INFORMATION_FORMAT = "dwarf-with-dsym";
				ENABLE_NS_ASSERTIONS = NO;
				ENABLE_STRICT_OBJC_MSGSEND = YES;
				GCC_C_LANGUAGE_STANDARD = gnu99;
				GCC_NO_COMMON_BLOCKS = YES;
				GCC_WARN_64_TO_32_BIT_CONVERSION = YES;
				GCC_WARN_ABOUT_RETURN_TYPE = YES_ERROR;
				GCC_WARN_UNDECLARED_SELECTOR = YES;
				GCC_WARN_UNINITIALIZED_AUTOS = YES_AGGRESSIVE;
				GCC_WARN_UNUSED_FUNCTION = YES;
				GCC_WARN_UNUSED_VARIABLE = YES;
				IPHONEOS_DEPLOYMENT_TARGET = 9.3;
				MTL_ENABLE_DEBUG_INFO = NO;
				SDKROOT = iphoneos;
				VALIDATE_PRODUCT = YES;
			};
			name = Release;
		};
		04ED62CF1CA6AAE5006712F1 /* Debug */ = {
			isa = XCBuildConfiguration;
			baseConfigurationReference = 41E4B0B2325072798B6A7F00 /* Pods-RACBabyDoodle.debug.xcconfig */;
			buildSettings = {
				ASSETCATALOG_COMPILER_APPICON_NAME = AppIcon;
				GCC_PREFIX_HEADER = "RACBabyDoodle/Supporting Files/RACBabyDoodle-Prefix.pch";
				INFOPLIST_FILE = RACBabyDoodle/Info.plist;
				LD_RUNPATH_SEARCH_PATHS = "$(inherited) @executable_path/Frameworks";
				PRODUCT_BUNDLE_IDENTIFIER = com.thinktube.RACBabyDoodle;
				PRODUCT_NAME = "$(TARGET_NAME)";
			};
			name = Debug;
		};
		04ED62D01CA6AAE5006712F1 /* Release */ = {
			isa = XCBuildConfiguration;
			baseConfigurationReference = C1887B21F4C2E92FF0360EE6 /* Pods-RACBabyDoodle.release.xcconfig */;
			buildSettings = {
				ASSETCATALOG_COMPILER_APPICON_NAME = AppIcon;
				GCC_PREFIX_HEADER = "RACBabyDoodle/Supporting Files/RACBabyDoodle-Prefix.pch";
				INFOPLIST_FILE = RACBabyDoodle/Info.plist;
				LD_RUNPATH_SEARCH_PATHS = "$(inherited) @executable_path/Frameworks";
				PRODUCT_BUNDLE_IDENTIFIER = com.thinktube.RACBabyDoodle;
				PRODUCT_NAME = "$(TARGET_NAME)";
			};
			name = Release;
		};
/* End XCBuildConfiguration section */

/* Begin XCConfigurationList section */
		04ED62AF1CA6AAE5006712F1 /* Build configuration list for PBXProject "RACBabyDoodle" */ = {
			isa = XCConfigurationList;
			buildConfigurations = (
				04ED62CC1CA6AAE5006712F1 /* Debug */,
				04ED62CD1CA6AAE5006712F1 /* Release */,
			);
			defaultConfigurationIsVisible = 0;
			defaultConfigurationName = Release;
		};
		04ED62CE1CA6AAE5006712F1 /* Build configuration list for PBXNativeTarget "RACBabyDoodle" */ = {
			isa = XCConfigurationList;
			buildConfigurations = (
				04ED62CF1CA6AAE5006712F1 /* Debug */,
				04ED62D01CA6AAE5006712F1 /* Release */,
			);
			defaultConfigurationIsVisible = 0;
			defaultConfigurationName = Release;
		};
/* End XCConfigurationList section */

/* Begin XCVersionGroup section */
		04ED62C31CA6AAE5006712F1 /* RACBabyDoodle.xcdatamodeld */ = {
			isa = XCVersionGroup;
			children = (
				04ED62C41CA6AAE5006712F1 /* RACBabyDoodle.xcdatamodel */,
			);
			currentVersion = 04ED62C41CA6AAE5006712F1 /* RACBabyDoodle.xcdatamodel */;
			path = RACBabyDoodle.xcdatamodeld;
			sourceTree = "<group>";
			versionGroupType = wrapper.xcdatamodel;
		};
/* End XCVersionGroup section */
	};
	rootObject = 04ED62AC1CA6AAE5006712F1 /* Project object */;
}
